
Microsoft Visual Studio Solution File, Format Version 12.00
# Visual Studio Version 17
VisualStudioVersion = 17.0.31903.59
MinimumVisualStudioVersion = 10.0.40219.1
Project("{FAE04EC0-301F-11D3-BF4B-00C04F79EFBC}") = "FirstConsoleApp", "FirstConsoleApp\FirstConsoleApp.csproj", "{CF2AE38F-8D85-44E0-97F7-17938EBDFE80}"
EndProject
Project("{FAE04EC0-301F-11D3-BF4B-00C04F79EFBC}") = "FrequencyOfCharacter", "FrequencyOfCharacter\FrequencyOfCharacter.csproj", "{2F93B865-EF31-45EF-A297-8CB4F7071BD6}"
EndProject
Project("{FAE04EC0-301F-11D3-BF4B-00C04F79EFBC}") = "SuperiorElement", "SuperiorElement\SuperiorElement.csproj", "{4ADCDDC3-ECD7-4D04-BAA4-E3167A43351B}"
EndProject
Global
	GlobalSection(SolutionConfigurationPlatforms) = preSolution
		Debug|Any CPU = Debug|Any CPU
		Debug|x64 = Debug|x64
		Debug|x86 = Debug|x86
		Release|Any CPU = Release|Any CPU
		Release|x64 = Release|x64
		Release|x86 = Release|x86
	EndGlobalSection
	GlobalSection(ProjectConfigurationPlatforms) = postSolution
		{CF2AE38F-8D85-44E0-97F7-17938EBDFE80}.Debug|Any CPU.ActiveCfg = Debug|Any CPU
		{CF2AE38F-8D85-44E0-97F7-17938EBDFE80}.Debug|Any CPU.Build.0 = Debug|Any CPU
		{CF2AE38F-8D85-44E0-97F7-17938EBDFE80}.Debug|x64.ActiveCfg = Debug|Any CPU
		{CF2AE38F-8D85-44E0-97F7-17938EBDFE80}.Debug|x64.Build.0 = Debug|Any CPU
		{CF2AE38F-8D85-44E0-97F7-17938EBDFE80}.Debug|x86.ActiveCfg = Debug|Any CPU
		{CF2AE38F-8D85-44E0-97F7-17938EBDFE80}.Debug|x86.Build.0 = Debug|Any CPU
		{CF2AE38F-8D85-44E0-97F7-17938EBDFE80}.Release|Any CPU.ActiveCfg = Release|Any CPU
		{CF2AE38F-8D85-44E0-97F7-17938EBDFE80}.Release|Any CPU.Build.0 = Release|Any CPU
		{CF2AE38F-8D85-44E0-97F7-17938EBDFE80}.Release|x64.ActiveCfg = Release|Any CPU
		{CF2AE38F-8D85-44E0-97F7-17938EBDFE80}.Release|x64.Build.0 = Release|Any CPU
		{CF2AE38F-8D85-44E0-97F7-17938EBDFE80}.Release|x86.ActiveCfg = Release|Any CPU
		{CF2AE38F-8D85-44E0-97F7-17938EBDFE80}.Release|x86.Build.0 = Release|Any CPU
		{2F93B865-EF31-45EF-A297-8CB4F7071BD6}.Debug|Any CPU.ActiveCfg = Debug|Any CPU
		{2F93B865-EF31-45EF-A297-8CB4F7071BD6}.Debug|Any CPU.Build.0 = Debug|Any CPU
		{2F93B865-EF31-45EF-A297-8CB4F7071BD6}.Debug|x64.ActiveCfg = Debug|Any CPU
		{2F93B865-EF31-45EF-A297-8CB4F7071BD6}.Debug|x64.Build.0 = Debug|Any CPU
		{2F93B865-EF31-45EF-A297-8CB4F7071BD6}.Debug|x86.ActiveCfg = Debug|Any CPU
		{2F93B865-EF31-45EF-A297-8CB4F7071BD6}.Debug|x86.Build.0 = Debug|Any CPU
		{2F93B865-EF31-45EF-A297-8CB4F7071BD6}.Release|Any CPU.ActiveCfg = Release|Any CPU
		{2F93B865-EF31-45EF-A297-8CB4F7071BD6}.Release|Any CPU.Build.0 = Release|Any CPU
		{2F93B865-EF31-45EF-A297-8CB4F7071BD6}.Release|x64.ActiveCfg = Release|Any CPU
		{2F93B865-EF31-45EF-A297-8CB4F7071BD6}.Release|x64.Build.0 = Release|Any CPU
		{2F93B865-EF31-45EF-A297-8CB4F7071BD6}.Release|x86.ActiveCfg = Release|Any CPU
		{2F93B865-EF31-45EF-A297-8CB4F7071BD6}.Release|x86.Build.0 = Release|Any CPU
		{4ADCDDC3-ECD7-4D04-BAA4-E3167A43351B}.Debug|Any CPU.ActiveCfg = Debug|Any CPU
		{4ADCDDC3-ECD7-4D04-BAA4-E3167A43351B}.Debug|Any CPU.Build.0 = Debug|Any CPU
		{4ADCDDC3-ECD7-4D04-BAA4-E3167A43351B}.Debug|x64.ActiveCfg = Debug|Any CPU
		{4ADCDDC3-ECD7-4D04-BAA4-E3167A43351B}.Debug|x64.Build.0 = Debug|Any CPU
		{4ADCDDC3-ECD7-4D04-BAA4-E3167A43351B}.Debug|x86.ActiveCfg = Debug|Any CPU
		{4ADCDDC3-ECD7-4D04-BAA4-E3167A43351B}.Debug|x86.Build.0 = Debug|Any CPU
		{4ADCDDC3-ECD7-4D04-BAA4-E3167A43351B}.Release|Any CPU.ActiveCfg = Release|Any CPU
		{4ADCDDC3-ECD7-4D04-BAA4-E3167A43351B}.Release|Any CPU.Build.0 = Release|Any CPU
		{4ADCDDC3-ECD7-4D04-BAA4-E3167A43351B}.Release|x64.ActiveCfg = Release|Any CPU
		{4ADCDDC3-ECD7-4D04-BAA4-E3167A43351B}.Release|x64.Build.0 = Release|Any CPU
		{4ADCDDC3-ECD7-4D04-BAA4-E3167A43351B}.Release|x86.ActiveCfg = Release|Any CPU
		{4ADCDDC3-ECD7-4D04-BAA4-E3167A43351B}.Release|x86.Build.0 = Release|Any CPU
	EndGlobalSection
	GlobalSection(SolutionProperties) = preSolution
		HideSolutionNode = FALSE
	EndGlobalSection
EndGlobal
